
Microsoft Visual Studio Solution File, Format Version 12.00
# Visual Studio 15
VisualStudioVersion = 15.0.27428.2015
MinimumVisualStudioVersion = 10.0.40219.1
Project("{8BC9CEB8-8B4A-11D0-8D11-00A0C91BC942}") = "improved_map_system", "improved_map_system\improved_map_system.vcxproj", "{25B0F001-5AF5-453D-9BCF-C37FF938F98A}"
EndProject
Global
	GlobalSection(SolutionConfigurationPlatforms) = preSolution
		Debug|x64 = Debug|x64
		Debug|x86 = Debug|x86
		Release|x64 = Release|x64
		Release|x86 = Release|x86
	EndGlobalSection
	GlobalSection(ProjectConfigurationPlatforms) = postSolution
		{25B0F001-5AF5-453D-9BCF-C37FF938F98A}.Debug|x64.ActiveCfg = Debug|x64
		{25B0F001-5AF5-453D-9BCF-C37FF938F98A}.Debug|x64.Build.0 = Debug|x64
		{25B0F001-5AF5-453D-9BCF-C37FF938F98A}.Debug|x86.ActiveCfg = Debug|Win32
		{25B0F001-5AF5-453D-9BCF-C37FF938F98A}.Debug|x86.Build.0 = Debug|Win32
		{25B0F001-5AF5-453D-9BCF-C37FF938F98A}.Release|x64.ActiveCfg = Release|x64
		{25B0F001-5AF5-453D-9BCF-C37FF938F98A}.Release|x64.Build.0 = Release|x64
		{25B0F001-5AF5-453D-9BCF-C37FF938F98A}.Release|x86.ActiveCfg = Release|Win32
		{25B0F001-5AF5-453D-9BCF-C37FF938F98A}.Release|x86.Build.0 = Release|Win32
	EndGlobalSection
	GlobalSection(SolutionProperties) = preSolution
		HideSolutionNode = FALSE
	EndGlobalSection
	GlobalSection(ExtensibilityGlobals) = postSolution
		SolutionGuid = {AE217520-90A6-4F24-A08F-E8F72069C9D0}
	EndGlobalSection
EndGlobal
